
Microsoft Visual Studio Solution File, Format Version 12.00
# Visual Studio 15
VisualStudioVersion = 15.0.28307.1340
MinimumVisualStudioVersion = 10.0.40219.1
Project("{8BC9CEB8-8B4A-11D0-8D11-00A0C91BC942}") = "Qt_CQB_Game", "Qt_CQB_Game\Qt_CQB_Game.vcxproj", "{5EAC12D2-5496-49EB-BA80-C34000FA6BC5}"
EndProject
Global
	GlobalSection(SolutionConfigurationPlatforms) = preSolution
		Debug|x64 = Debug|x64
		Release|x64 = Release|x64
	EndGlobalSection
	GlobalSection(ProjectConfigurationPlatforms) = postSolution
		{5EAC12D2-5496-49EB-BA80-C34000FA6BC5}.Debug|x64.ActiveCfg = Debug|x64
		{5EAC12D2-5496-49EB-BA80-C34000FA6BC5}.Debug|x64.Build.0 = Debug|x64
		{5EAC12D2-5496-49EB-BA80-C34000FA6BC5}.Release|x64.ActiveCfg = Release|x64
		{5EAC12D2-5496-49EB-BA80-C34000FA6BC5}.Release|x64.Build.0 = Release|x64
	EndGlobalSection
	GlobalSection(SolutionProperties) = preSolution
		HideSolutionNode = FALSE
	EndGlobalSection
	GlobalSection(ExtensibilityGlobals) = postSolution
		SolutionGuid = {32727863-E55C-4781-A365-825CE469B41C}
	EndGlobalSection
EndGlobal
