<?xml version="1.0" encoding="utf-8"?>
<Project ToolsVersion="4.0" xmlns="http://schemas.microsoft.com/developer/msbuild/2003">
  <ItemGroup>
    <Filter Include="Source Files">
      <UniqueIdentifier>{4FC737F1-C7A5-4376-A066-2A32D752A2FF}</UniqueIdentifier>
      <Extensions>cpp;c;cc;cxx;def;odl;idl;hpj;bat;asm;asmx</Extensions>
    </Filter>
    <Filter Include="Header Files">
      <UniqueIdentifier>{93995380-89BD-4b04-88EB-625FBE52EBFB}</UniqueIdentifier>
      <Extensions>h;hh;hpp;hxx;hm;inl;inc;xsd</Extensions>
    </Filter>
    <Filter Include="Resource Files">
      <UniqueIdentifier>{67DA6AB6-F800-4c08-8B7A-83BB121AAD01}</UniqueIdentifier>
      <Extensions>qrc;rc;ico;cur;bmp;dlg;rc2;rct;bin;rgs;gif;jpg;jpeg;jpe;resx;tiff;tif;png;wav;mfcribbon-ms</Extensions>
    </Filter>
    <Filter Include="Form Files">
      <UniqueIdentifier>{99349809-55BA-4b9d-BF79-8FDBB0286EB3}</UniqueIdentifier>
      <Extensions>ui</Extensions>
    </Filter>
    <Filter Include="Translation Files">
      <UniqueIdentifier>{639EADAA-A684-42e4-A9AD-28FC9BCB8F7C}</UniqueIdentifier>
      <Extensions>ts</Extensions>
    </Filter>
    <Filter Include="Source Files\widgets">
      <UniqueIdentifier>{5f58993f-387e-4c24-aa3c-352c01ed2c7c}</UniqueIdentifier>
    </Filter>
    <Filter Include="Header Files\widgets">
      <UniqueIdentifier>{534f9c7b-5f96-4f80-88c8-2014056289d5}</UniqueIdentifier>
    </Filter>
    <Filter Include="Header Files\Map&amp;Players&amp;Objects">
      <UniqueIdentifier>{76245249-9042-49a8-9d61-92c14f224946}</UniqueIdentifier>
    </Filter>
    <Filter Include="Source Files\Map&amp;Players&amp;Objects">
      <UniqueIdentifier>{3a178804-4d03-4525-91f2-a3a3f4c9faac}</UniqueIdentifier>
    </Filter>
    <Filter Include="Header Files\Server">
      <UniqueIdentifier>{82e77b28-622a-4ea4-8a98-35a8a1d7cb66}</UniqueIdentifier>
    </Filter>
    <Filter Include="Source Files\Server">
      <UniqueIdentifier>{876ae271-d1d6-4f11-bd40-d4436c2cdb82}</UniqueIdentifier>
    </Filter>
  </ItemGroup>
  <ItemGroup>
    <QtRcc Include="Qt_CQB_Game.qrc">
      <Filter>Resource Files</Filter>
    </QtRcc>
    <QtUic Include="Qt_CQB_Game.ui">
      <Filter>Form Files</Filter>
    </QtUic>
    <QtMoc Include="Qt_CQB_Game.h">
      <Filter>Header Files</Filter>
    </QtMoc>
    <ClCompile Include="Qt_CQB_Game.cpp">
      <Filter>Source Files</Filter>
    </ClCompile>
  </ItemGroup>
  <ItemGroup>
    <ClCompile Include="main.cpp">
      <Filter>Source Files</Filter>
    </ClCompile>
    <ClCompile Include="GameScenes.cpp">
      <Filter>Source Files</Filter>
    </ClCompile>
    <ClCompile Include="GameWidget.cpp">
      <Filter>Source Files\widgets</Filter>
    </ClCompile>
    <ClCompile Include="Result.cpp">
      <Filter>Source Files\widgets</Filter>
    </ClCompile>
    <ClCompile Include="map.cpp">
      <Filter>Source Files\Map&amp;Players&amp;Objects</Filter>
    </ClCompile>
    <ClCompile Include="GameServer.cpp">
      <Filter>Source Files\Server</Filter>
    </ClCompile>
    <ClCompile Include="Player.cpp">
      <Filter>Source Files\Map&amp;Players&amp;Objects</Filter>
    </ClCompile>
  </ItemGroup>
  <ItemGroup>
    <QtUic Include="GameWidget.ui">
      <Filter>Form Files</Filter>
    </QtUic>
    <QtUic Include="Result.ui">
      <Filter>Form Files</Filter>
    </QtUic>
  </ItemGroup>
  <ItemGroup>
    <QtMoc Include="GameScenes.h">
      <Filter>Header Files</Filter>
    </QtMoc>
    <QtMoc Include="Result.h">
      <Filter>Header Files\widgets</Filter>
    </QtMoc>
    <QtMoc Include="GameWidget.h">
      <Filter>Header Files\widgets</Filter>
    </QtMoc>
    <QtMoc Include="GameServer.h">
      <Filter>Header Files\Server</Filter>
    </QtMoc>
  </ItemGroup>
  <ItemGroup>
    <ClInclude Include="map.h">
      <Filter>Header Files\Map&amp;Players&amp;Objects</Filter>
    </ClInclude>
    <ClInclude Include="Player.h">
      <Filter>Header Files\Map&amp;Players&amp;Objects</Filter>
    </ClInclude>
  </ItemGroup>
  <ItemGroup>
    <None Include="进度.md" />
  </ItemGroup>
</Project>